
Microsoft Visual Studio Solution File, Format Version 12.00
# Visual Studio Version 17
VisualStudioVersion = 17.0.31903.59
MinimumVisualStudioVersion = 10.0.40219.1
Project("{FAE04EC0-301F-11D3-BF4B-00C04F79EFBC}") = "Room_Management_API.Application", "Room_Management_API.Application\Room_Management_API.Application.csproj", "{C8675384-3C14-4107-8A1C-935DB165F524}"
EndProject
Project("{FAE04EC0-301F-11D3-BF4B-00C04F79EFBC}") = "Room_Management_API.Domain", "Room_Management_API.Domain\Room_Management_API.Domain.csproj", "{D405ED33-93AB-4583-80B7-246DE0D5DF4C}"
EndProject
Project("{FAE04EC0-301F-11D3-BF4B-00C04F79EFBC}") = "Room_Management_API.Infrastructure", "Room_Management_API.Infrastructure\Room_Management_API.Infrastructure.csproj", "{246BD97C-91E6-4050-815D-819619CBBF28}"
EndProject
Global
	GlobalSection(SolutionConfigurationPlatforms) = preSolution
		Debug|Any CPU = Debug|Any CPU
		Release|Any CPU = Release|Any CPU
	EndGlobalSection
	GlobalSection(SolutionProperties) = preSolution
		HideSolutionNode = FALSE
	EndGlobalSection
	GlobalSection(ProjectConfigurationPlatforms) = postSolution
		{C8675384-3C14-4107-8A1C-935DB165F524}.Debug|Any CPU.ActiveCfg = Debug|Any CPU
		{C8675384-3C14-4107-8A1C-935DB165F524}.Debug|Any CPU.Build.0 = Debug|Any CPU
		{C8675384-3C14-4107-8A1C-935DB165F524}.Release|Any CPU.ActiveCfg = Release|Any CPU
		{C8675384-3C14-4107-8A1C-935DB165F524}.Release|Any CPU.Build.0 = Release|Any CPU
		{D405ED33-93AB-4583-80B7-246DE0D5DF4C}.Debug|Any CPU.ActiveCfg = Debug|Any CPU
		{D405ED33-93AB-4583-80B7-246DE0D5DF4C}.Debug|Any CPU.Build.0 = Debug|Any CPU
		{D405ED33-93AB-4583-80B7-246DE0D5DF4C}.Release|Any CPU.ActiveCfg = Release|Any CPU
		{D405ED33-93AB-4583-80B7-246DE0D5DF4C}.Release|Any CPU.Build.0 = Release|Any CPU
		{246BD97C-91E6-4050-815D-819619CBBF28}.Debug|Any CPU.ActiveCfg = Debug|Any CPU
		{246BD97C-91E6-4050-815D-819619CBBF28}.Debug|Any CPU.Build.0 = Debug|Any CPU
		{246BD97C-91E6-4050-815D-819619CBBF28}.Release|Any CPU.ActiveCfg = Release|Any CPU
		{246BD97C-91E6-4050-815D-819619CBBF28}.Release|Any CPU.Build.0 = Release|Any CPU
	EndGlobalSection
EndGlobal
